{
  "version": "3",
  "packages": {
    "specifiers": {
      "jsr:@beast/compat@^0.1.2": "jsr:@beast/compat@0.1.2",
      "jsr:@std/assert@^0.226.0": "jsr:@std/assert@0.226.0",
      "jsr:@std/internal@^1.0.0": "jsr:@std/internal@1.0.0",
      "npm:@types/node": "npm:@types/node@18.16.19"
    },
    "jsr": {
      "@beast/compat@0.1.2": {
        "integrity": "f7837b100e3f4518e114f823570a1a1a2e49efaa7ed41de12eb5e079749f573f"
      },
      "@std/assert@0.226.0": {
        "integrity": "0dfb5f7c7723c18cec118e080fec76ce15b4c31154b15ad2bd74822603ef75b3",
        "dependencies": [
          "jsr:@std/internal@^1.0.0"
        ]
      },
      "@std/internal@1.0.0": {
        "integrity": "ac6a6dfebf838582c4b4f61a6907374e27e05bedb6ce276e0f1608fe84e7cd9a"
      }
    },
    "npm": {
      "@types/node@18.16.19": {
        "integrity": "sha512-IXl7o+R9iti9eBW4Wg2hx1xQDig183jj7YLn8F7udNceyfkbn1ZxmzZXuak20gR40D7pIkIY1kYGx5VIGbaHKA==",
        "dependencies": {}
      }
    }
  },
  "remote": {},
  "workspace": {
    "dependencies": [
      "jsr:@beast/compat@^0.1.2",
      "jsr:@std/assert@^0.226.0"
    ]
  }
}
